# THIS IS AN AUTOGENERATED FILE. DO NOT EDIT THIS FILE DIRECTLY.
# yarn lockfile v1


async-validator@^1.7.1:
  version "1.12.2"
  resolved "https://r.cnpmjs.org/async-validator/download/async-validator-1.12.2.tgz#beae671e7174d2938b7b4b69d2fb7e722b7fd72c"
  integrity sha1-vq5nHnF00pOLe0tp0vt+cit/1yw=

core-js@^2.4.1:
  version "2.6.11"
  resolved "https://r.cnpmjs.org/core-js/download/core-js-2.6.11.tgz#38831469f9922bded8ee21c9dc46985e0399308c"
  integrity sha1-OIMUafmSK97Y7iHJ3EaYXgOZMIw=

deepmerge@^1.5.0:
  version "1.5.2"
  resolved "https://r.cnpmjs.org/deepmerge/download/deepmerge-1.5.2.tgz#10499d868844cdad4fee0842df8c7f6f0c95a753"
  integrity sha1-EEmdhohEza1P7ghC34x/bwyVp1M=

popper.js@^0.6.4:
  version "0.6.4"
  resolved "https://r.cnpmjs.org/popper.js/download/popper.js-0.6.4.tgz#1837c4760af54d2bb20b66f9c09b92993d84c629"
  integrity sha1-GDfEdgr1TSuyC2b5wJuSmT2Exik=

uview-ui@^1.6.0:
  version "1.6.0"
  resolved "https://r.cnpmjs.org/uview-ui/download/uview-ui-1.6.0.tgz#5a2121c35f745daa8d15abb901f85a49fbba2124"
  integrity sha1-WiEhw190XaqNFau5AfhaSfu6ISQ=

uview@^0.1.0:
  version "0.1.0"
  resolved "https://r.cnpmjs.org/uview/download/uview-0.1.0.tgz#b4049cf2ad64135e37d21b80742b637a82e5ef2a"
  integrity sha1-tASc8q1kE1430huAdCtjeoLl7yo=
  dependencies:
    async-validator "^1.7.1"
    core-js "^2.4.1"
    deepmerge "^1.5.0"
    popper.js "^0.6.4"
